lockfileVersion: '9.0'

settings:
  autoInstallPeers: true
  excludeLinksFromLockfile: false

importers:

  .:
    dependencies:
      '@kungfu-tech/buildchain':
        specifier: 2.14.14-alpha.4
        version: 2.14.14-alpha.4
      '@kungfu-tech/kfd':
        specifier: 1.0.0-alpha.42
        version: 1.0.0-alpha.42
      '@kungfu-tech/paper-episodes-to-primitives':
        specifier: 0.1.0-alpha.2
        version: 0.1.0-alpha.2
      '@kungfu-tech/paper-kfd-foundation-real-world-agent-work':
        specifier: 0.1.0-alpha.8
        version: 0.1.0-alpha.8
      '@kungfu-tech/paper-kungfu-product-white-paper':
        specifier: 0.1.0-alpha.10
        version: 0.1.0-alpha.10
      '@kungfu-tech/paper-observer-declared-timelines':
        specifier: 0.1.0-alpha.8
        version: 0.1.0-alpha.8
      markdown-it:
        specifier: 14.1.0
        version: 14.1.0
      markdown-it-anchor:
        specifier: 9.2.0
        version: 9.2.0(@types/markdown-it@14.1.2)(markdown-it@14.1.0)

packages:

  '@kungfu-tech/buildchain@2.14.14-alpha.4':
    resolution: {integrity: sha512-5RxGEMVIuDtxLJhvWmXOOV1SdACRK3kmJM7huugjiRoabJJRq8xzWH/jSwnmHS21PWXfTuz6ZAZjlMbYKDLENw==}
    engines: {node: '>=22.14.0'}
    hasBin: true

  '@kungfu-tech/kfd@1.0.0-alpha.29':
    resolution: {integrity: sha512-gX1xWL7I2bqRkjbAuLLbkqcGdbRn6Aemdxg2y7zQZHFYPKi0Y7Su55xby++52fafX6A/ZpPZtO+9iQalqHVRxw==}
    hasBin: true

  '@kungfu-tech/kfd@1.0.0-alpha.42':
    resolution: {integrity: sha512-bl3xQwdhpBZPplemrFnBIq7O/xRu+HurQhNOhOlx/+8blFVQF3m9UFNXri04i+pxbQNXMtZbNtqMyegZeIcEMw==}
    hasBin: true

  '@kungfu-tech/paper-episodes-to-primitives@0.1.0-alpha.2':
    resolution: {integrity: sha512-D7NGY7wtV54r5w3zzlq51gOcmBHkmT8jiMoIvdIZS8QOjvHv86cs4yqZ6JCAooW6aV2h8v0mNiiMbKP59PwgZA==}

  '@kungfu-tech/paper-kfd-foundation-real-world-agent-work@0.1.0-alpha.8':
    resolution: {integrity: sha512-2eLq7poJ/Zb0l6OJhIwx2iG5GbPz7CD6dW5aKlPwQn/9tEjQpd06+K+NZIwrhiBlqj+EjF36PPgy6+6UldSs8g==}

  '@kungfu-tech/paper-kungfu-product-white-paper@0.1.0-alpha.10':
    resolution: {integrity: sha512-E72T/WnVn9tLCHGdJVsORZzvwS281hUcWDmr3kIOcQQ0D/SK8Ktf8GlGv/Ov43dy9VtKlqMNm8BgO/P1zCQkMQ==}

  '@kungfu-tech/paper-observer-declared-timelines@0.1.0-alpha.8':
    resolution: {integrity: sha512-68ugGvrnutyprT6IY95ArUsLPDzOBFErliGSPR6rC68HJXJnUHNFl4f5e2V2hwloicuDesVSoJvByo42yf8oHQ==}

  '@types/linkify-it@5.0.0':
    resolution: {integrity: sha512-sVDA58zAw4eWAffKOaQH5/5j3XeayukzDk+ewSsnv3p4yJEZHCCzMDiZM8e0OUrRvmpGZ85jf4yDHkHsgBNr9Q==}

  '@types/markdown-it@14.1.2':
    resolution: {integrity: sha512-promo4eFwuiW+TfGxhi+0x3czqTYJkG8qB17ZUJiVF10Xm7NLVRSLUsfRTU/6h1e24VvRnXCx+hG7li58lkzog==}

  '@types/mdurl@2.0.0':
    resolution: {integrity: sha512-RGdgjQUZba5p6QEFAVx2OGb8rQDL/cPRG7GiedRzMcJ1tYnUANBncjbSB1NRGwbvjcPeikRABz2nshyPk1bhWg==}

  argparse@2.0.1:
    resolution: {integrity: sha512-8+9WqebbFzpX9OR+Wa6O29asIogeRMzcGtAINdpMHHyAg10f05aSFVBbcEqGf/PXw1EjAZ+q2/bEBg3DvurK3Q==}

  entities@4.5.0:
    resolution: {integrity: sha512-V0hjH4dGPh9Ao5p0MoRY6BVqtwCjhz6vI5LT8AJ55H+4g9/4vbHx1I54fS0XuclLhDHArPQCiMjDxjaL8fPxhw==}
    engines: {node: '>=0.12'}

  linkify-it@5.0.2:
    resolution: {integrity: sha512-ONTm2jCMAVZjgQa/Fy1kScXsuOoF5NPTsoFBdE1KVIZ2vAh/r9+Bqo+0jINCBYnavTPQZz38QzFTme79ENoN3Q==}

  markdown-it-anchor@9.2.0:
    resolution: {integrity: sha512-sa2ErMQ6kKOA4l31gLGYliFQrMKkqSO0ZJgGhDHKijPf0pNFM9vghjAh3gn26pS4JDRs7Iwa9S36gxm3vgZTzg==}
    peerDependencies:
      '@types/markdown-it': '*'
      markdown-it: '*'

  markdown-it@14.1.0:
    resolution: {integrity: sha512-a54IwgWPaeBCAAsv13YgmALOF1elABB08FxO9i+r4VFk5Vl4pKokRPeX8u5TCgSsPi6ec1otfLjdOpVcgbpshg==}
    hasBin: true

  mdurl@2.0.0:
    resolution: {integrity: sha512-Lf+9+2r+Tdp5wXDXC4PcIBjTDtq4UKjCPMQhKIuzpJNW0b96kVqSwW0bT7FhRSfmAiFYgP+SCRvdrDozfh0U5w==}

  punycode.js@2.3.1:
    resolution: {integrity: sha512-uxFIHU0YlHYhDQtV4R9J6a52SLx28BCjT+4ieh7IGbgwVJWO+km431c4yRlREUAsAmt/uMjQUyQHNEPf0M39CA==}
    engines: {node: '>=6'}

  smol-toml@1.7.0:
    resolution: {integrity: sha512-aqVvWoyO21L23mb+drl4RmMXbf6N7FdHjAhTRA9ZBL7apWBgfWC16KjrASI+1p9GAroljyMHj6fK67i0UiTNvQ==}
    engines: {node: '>= 18'}

  uc.micro@2.1.0:
    resolution: {integrity: sha512-ARDJmphmdvUk6Glw7y9DQ2bFkKBHwQHLi2lsaH6PPmz/Ka9sFOBsBluozhDltWmnv9u/cF6Rt87znRTPV+yp/A==}

snapshots:

  '@kungfu-tech/buildchain@2.14.14-alpha.4':
    dependencies:
      '@kungfu-tech/kfd': 1.0.0-alpha.29
      smol-toml: 1.7.0

  '@kungfu-tech/kfd@1.0.0-alpha.29': {}

  '@kungfu-tech/kfd@1.0.0-alpha.42': {}

  '@kungfu-tech/paper-episodes-to-primitives@0.1.0-alpha.2': {}

  '@kungfu-tech/paper-kfd-foundation-real-world-agent-work@0.1.0-alpha.8': {}

  '@kungfu-tech/paper-kungfu-product-white-paper@0.1.0-alpha.10': {}

  '@kungfu-tech/paper-observer-declared-timelines@0.1.0-alpha.8': {}

  '@types/linkify-it@5.0.0': {}

  '@types/markdown-it@14.1.2':
    dependencies:
      '@types/linkify-it': 5.0.0
      '@types/mdurl': 2.0.0

  '@types/mdurl@2.0.0': {}

  argparse@2.0.1: {}

  entities@4.5.0: {}

  linkify-it@5.0.2:
    dependencies:
      uc.micro: 2.1.0

  markdown-it-anchor@9.2.0(@types/markdown-it@14.1.2)(markdown-it@14.1.0):
    dependencies:
      '@types/markdown-it': 14.1.2
      markdown-it: 14.1.0

  markdown-it@14.1.0:
    dependencies:
      argparse: 2.0.1
      entities: 4.5.0
      linkify-it: 5.0.2
      mdurl: 2.0.0
      punycode.js: 2.3.1
      uc.micro: 2.1.0

  mdurl@2.0.0: {}

  punycode.js@2.3.1: {}

  smol-toml@1.7.0: {}

  uc.micro@2.1.0: {}
